
Microsoft Visual Studio Solution File, Format Version 12.00
# Visual Studio Version 17
VisualStudioVersion = 17.3.32825.248
MinimumVisualStudioVersion = 10.0.40219.1
Project("{FAE04EC0-301F-11D3-BF4B-00C04F79EFBC}") = "PW3n", "PW3n.csproj", "{9E6E4FEF-A66B-41EF-8A23-B8F8F27DFCDC}"
EndProject
Global
	GlobalSection(SolutionConfigurationPlatforms) = preSolution
		Debug|Any CPU = Debug|Any CPU
		Release|Any CPU = Release|Any CPU
	EndGlobalSection
	GlobalSection(ProjectConfigurationPlatforms) = postSolution
		{9E6E4FEF-A66B-41EF-8A23-B8F8F27DFCDC}.Debug|Any CPU.ActiveCfg = Debug|Any CPU
		{9E6E4FEF-A66B-41EF-8A23-B8F8F27DFCDC}.Debug|Any CPU.Build.0 = Debug|Any CPU
		{9E6E4FEF-A66B-41EF-8A23-B8F8F27DFCDC}.Release|Any CPU.ActiveCfg = Release|Any CPU
		{9E6E4FEF-A66B-41EF-8A23-B8F8F27DFCDC}.Release|Any CPU.Build.0 = Release|Any CPU
	EndGlobalSection
	GlobalSection(SolutionProperties) = preSolution
		HideSolutionNode = FALSE
	EndGlobalSection
	GlobalSection(ExtensibilityGlobals) = postSolution
		SolutionGuid = {81537A39-7867-4DAC-86C5-935E674AD499}
	EndGlobalSection
EndGlobal
